// !$*UTF8*$!
{
	archiveVersion = 1;
	classes = {
	};
	objectVersion = 55;
	objects = {

/* Begin PBXBuildFile section */
		602DECFE27B7B71700AA0775 /* DictionaryExtension.swift in Sources */ = {isa = PBXBuildFile; fileRef = 602DECFD27B7B71700AA0775 /* DictionaryExtension.swift */; };
		6046E19627B69D28001D3F0F /* AppDelegate.swift in Sources */ = {isa = PBXBuildFile; fileRef = 6046E19527B69D28001D3F0F /* AppDelegate.swift */; };
		6046E19827B69D28001D3F0F /* SceneDelegate.swift in Sources */ = {isa = PBXBuildFile; fileRef = 6046E19727B69D28001D3F0F /* SceneDelegate.swift */; };
		6046E19D27B69D28001D3F0F /* Main.storyboard in Resources */ = {isa = PBXBuildFile; fileRef = 6046E19B27B69D28001D3F0F /* Main.storyboard */; };
		6046E19F27B69D29001D3F0F /* Assets.xcassets in Resources */ = {isa = PBXBuildFile; fileRef = 6046E19E27B69D29001D3F0F /* Assets.xcassets */; };
		6046E1A227B69D29001D3F0F /* LaunchScreen.storyboard in Resources */ = {isa = PBXBuildFile; fileRef = 6046E1A027B69D29001D3F0F /* LaunchScreen.storyboard */; };
		6046E1C627B6AABA001D3F0F /* CryptoListViewController.swift in Sources */ = {isa = PBXBuildFile; fileRef = 6046E1C527B6AABA001D3F0F /* CryptoListViewController.swift */; };
		6046E1C827B6AAD7001D3F0F /* NewsViewController.swift in Sources */ = {isa = PBXBuildFile; fileRef = 6046E1C727B6AAD7001D3F0F /* NewsViewController.swift */; };
		6046E1CD27B6B2E2001D3F0F /* CryptoService.swift in Sources */ = {isa = PBXBuildFile; fileRef = 6046E1CC27B6B2E2001D3F0F /* CryptoService.swift */; };
		6046E1CF27B6C7B1001D3F0F /* CryptoCell.swift in Sources */ = {isa = PBXBuildFile; fileRef = 6046E1CE27B6C7B1001D3F0F /* CryptoCell.swift */; };
		6046E1D427B6C904001D3F0F /* Coin.swift in Sources */ = {isa = PBXBuildFile; fileRef = 6046E1D327B6C904001D3F0F /* Coin.swift */; };
		609BBE3A27B742AD0085290B /* News.swift in Sources */ = {isa = PBXBuildFile; fileRef = 609BBE3927B742AD0085290B /* News.swift */; };
		609BBE3C27B742EE0085290B /* NewsService.swift in Sources */ = {isa = PBXBuildFile; fileRef = 609BBE3B27B742EE0085290B /* NewsService.swift */; };
		609BBE4027B745A30085290B /* NewsCell.swift in Sources */ = {isa = PBXBuildFile; fileRef = 609BBE3F27B745A30085290B /* NewsCell.swift */; };
		60B8547627B884F3008D0CE4 /* DoubleExtension.swift in Sources */ = {isa = PBXBuildFile; fileRef = 60B8547527B884F3008D0CE4 /* DoubleExtension.swift */; };
		60B8547A27B8AF28008D0CE4 /* HTTPClient.swift in Sources */ = {isa = PBXBuildFile; fileRef = 60B8547927B8AF28008D0CE4 /* HTTPClient.swift */; };
		60B8547C27B8B51F008D0CE4 /* CryptoMapper.swift in Sources */ = {isa = PBXBuildFile; fileRef = 60B8547B27B8B51F008D0CE4 /* CryptoMapper.swift */; };
		60B8547E27B8CC57008D0CE4 /* CryptoEndpoint.swift in Sources */ = {isa = PBXBuildFile; fileRef = 60B8547D27B8CC57008D0CE4 /* CryptoEndpoint.swift */; };
		60B8548227B8D1A5008D0CE4 /* LoadCryptoListFromRemoteUseCaseTests.swift in Sources */ = {isa = PBXBuildFile; fileRef = 60B8548127B8D1A5008D0CE4 /* LoadCryptoListFromRemoteUseCaseTests.swift */; };
		60B8548727B8D47A008D0CE4 /* HTTPClientSpy.swift in Sources */ = {isa = PBXBuildFile; fileRef = 60B8548627B8D47A008D0CE4 /* HTTPClientSpy.swift */; };
		60B8548927B8D4F3008D0CE4 /* XCTestCaseExtension.swift in Sources */ = {isa = PBXBuildFile; fileRef = 60B8548827B8D4F3008D0CE4 /* XCTestCaseExtension.swift */; };
		60D9A0A527B8E8DC00C8B614 /* NewsMapper.swift in Sources */ = {isa = PBXBuildFile; fileRef = 60D9A0A427B8E8DC00C8B614 /* NewsMapper.swift */; };
		60D9A0A727B8EAA100C8B614 /* NewsEndpoint.swift in Sources */ = {isa = PBXBuildFile; fileRef = 60D9A0A627B8EAA100C8B614 /* NewsEndpoint.swift */; };
		60D9A0A927B8EC5A00C8B614 /* LoadNewsFromRemoteUseCaseTest.swift in Sources */ = {isa = PBXBuildFile; fileRef = 60D9A0A827B8EC5A00C8B614 /* LoadNewsFromRemoteUseCaseTest.swift */; };
/* End PBXBuildFile section */

/* Begin PBXContainerItemProxy section */
		6046E1A927B69D29001D3F0F /* PBXContainerItemProxy */ = {
			isa = PBXContainerItemProxy;
			containerPortal = 6046E18A27B69D28001D3F0F /* Project object */;
			proxyType = 1;
			remoteGlobalIDString = 6046E19127B69D28001D3F0F;
			remoteInfo = CryptoList;
		};
/* End PBXContainerItemProxy section */

/* Begin PBXFileReference section */
		602DECFD27B7B71700AA0775 /* DictionaryExtension.swift */ = {isa = PBXFileReference; lastKnownFileType = sourcecode.swift; path = DictionaryExtension.swift; sourceTree = "<group>"; };
		6046E19227B69D28001D3F0F /* CryptoList.app */ = {isa = PBXFileReference; explicitFileType = wrapper.application; includeInIndex = 0; path = CryptoList.app; sourceTree = BUILT_PRODUCTS_DIR; };
		6046E19527B69D28001D3F0F /* AppDelegate.swift */ = {isa = PBXFileReference; lastKnownFileType = sourcecode.swift; path = AppDelegate.swift; sourceTree = "<group>"; };
		6046E19727B69D28001D3F0F /* SceneDelegate.swift */ = {isa = PBXFileReference; lastKnownFileType = sourcecode.swift; path = SceneDelegate.swift; sourceTree = "<group>"; };
		6046E19C27B69D28001D3F0F /* Base */ = {isa = PBXFileReference; lastKnownFileType = file.storyboard; name = Base; path = Base.lproj/Main.storyboard; sourceTree = "<group>"; };
		6046E19E27B69D29001D3F0F /* Assets.xcassets */ = {isa = PBXFileReference; lastKnownFileType = folder.assetcatalog; path = Assets.xcassets; sourceTree = "<group>"; };
		6046E1A127B69D29001D3F0F /* Base */ = {isa = PBXFileReference; lastKnownFileType = file.storyboard; name = Base; path = Base.lproj/LaunchScreen.storyboard; sourceTree = "<group>"; };
		6046E1A327B69D29001D3F0F /* Info.plist */ = {isa = PBXFileReference; lastKnownFileType = text.plist.xml; path = Info.plist; sourceTree = "<group>"; };
		6046E1A827B69D29001D3F0F /* CryptoListTests.xctest */ = {isa = PBXFileReference; explicitFileType = wrapper.cfbundle; includeInIndex = 0; path = CryptoListTests.xctest; sourceTree = BUILT_PRODUCTS_DIR; };
		6046E1C527B6AABA001D3F0F /* CryptoListViewController.swift */ = {isa = PBXFileReference; lastKnownFileType = sourcecode.swift; path = CryptoListViewController.swift; sourceTree = "<group>"; };
		6046E1C727B6AAD7001D3F0F /* NewsViewController.swift */ = {isa = PBXFileReference; lastKnownFileType = sourcecode.swift; path = NewsViewController.swift; sourceTree = "<group>"; };
		6046E1CC27B6B2E2001D3F0F /* CryptoService.swift */ = {isa = PBXFileReference; lastKnownFileType = sourcecode.swift; path = CryptoService.swift; sourceTree = "<group>"; };
		6046E1CE27B6C7B1001D3F0F /* CryptoCell.swift */ = {isa = PBXFileReference; lastKnownFileType = sourcecode.swift; path = CryptoCell.swift; sourceTree = "<group>"; };
		6046E1D327B6C904001D3F0F /* Coin.swift */ = {isa = PBXFileReference; lastKnownFileType = sourcecode.swift; path = Coin.swift; sourceTree = "<group>"; };
		609BBE3927B742AD0085290B /* News.swift */ = {isa = PBXFileReference; lastKnownFileType = sourcecode.swift; path = News.swift; sourceTree = "<group>"; };
		609BBE3B27B742EE0085290B /* NewsService.swift */ = {isa = PBXFileReference; lastKnownFileType = sourcecode.swift; path = NewsService.swift; sourceTree = "<group>"; };
		609BBE3F27B745A30085290B /* NewsCell.swift */ = {isa = PBXFileReference; lastKnownFileType = sourcecode.swift; path = NewsCell.swift; sourceTree = "<group>"; };
		60B8547527B884F3008D0CE4 /* DoubleExtension.swift */ = {isa = PBXFileReference; lastKnownFileType = sourcecode.swift; path = DoubleExtension.swift; sourceTree = "<group>"; };
		60B8547927B8AF28008D0CE4 /* HTTPClient.swift */ = {isa = PBXFileReference; lastKnownFileType = sourcecode.swift; path = HTTPClient.swift; sourceTree = "<group>"; };
		60B8547B27B8B51F008D0CE4 /* CryptoMapper.swift */ = {isa = PBXFileReference; lastKnownFileType = sourcecode.swift; path = CryptoMapper.swift; sourceTree = "<group>"; };
		60B8547D27B8CC57008D0CE4 /* CryptoEndpoint.swift */ = {isa = PBXFileReference; lastKnownFileType = sourcecode.swift; path = CryptoEndpoint.swift; sourceTree = "<group>"; };
		60B8548127B8D1A5008D0CE4 /* LoadCryptoListFromRemoteUseCaseTests.swift */ = {isa = PBXFileReference; lastKnownFileType = sourcecode.swift; path = LoadCryptoListFromRemoteUseCaseTests.swift; sourceTree = "<group>"; };
		60B8548627B8D47A008D0CE4 /* HTTPClientSpy.swift */ = {isa = PBXFileReference; lastKnownFileType = sourcecode.swift; path = HTTPClientSpy.swift; sourceTree = "<group>"; };
		60B8548827B8D4F3008D0CE4 /* XCTestCaseExtension.swift */ = {isa = PBXFileReference; lastKnownFileType = sourcecode.swift; path = XCTestCaseExtension.swift; sourceTree = "<group>"; };
		60D9A0A427B8E8DC00C8B614 /* NewsMapper.swift */ = {isa = PBXFileReference; lastKnownFileType = sourcecode.swift; path = NewsMapper.swift; sourceTree = "<group>"; };
		60D9A0A627B8EAA100C8B614 /* NewsEndpoint.swift */ = {isa = PBXFileReference; lastKnownFileType = sourcecode.swift; path = NewsEndpoint.swift; sourceTree = "<group>"; };
		60D9A0A827B8EC5A00C8B614 /* LoadNewsFromRemoteUseCaseTest.swift */ = {isa = PBXFileReference; lastKnownFileType = sourcecode.swift; path = LoadNewsFromRemoteUseCaseTest.swift; sourceTree = "<group>"; };
/* End PBXFileReference section */

/* Begin PBXFrameworksBuildPhase section */
		6046E18F27B69D28001D3F0F /* Frameworks */ = {
			isa = PBXFrameworksBuildPhase;
			buildActionMask = 2147483647;
			files = (
			);
			runOnlyForDeploymentPostprocessing = 0;
		};
		6046E1A527B69D29001D3F0F /* Frameworks */ = {
			isa = PBXFrameworksBuildPhase;
			buildActionMask = 2147483647;
			files = (
			);
			runOnlyForDeploymentPostprocessing = 0;
		};
/* End PBXFrameworksBuildPhase section */

/* Begin PBXGroup section */
		602DECFC27B7B70800AA0775 /* Helper */ = {
			isa = PBXGroup;
			children = (
				602DECFD27B7B71700AA0775 /* DictionaryExtension.swift */,
				60B8547527B884F3008D0CE4 /* DoubleExtension.swift */,
			);
			path = Helper;
			sourceTree = "<group>";
		};
		6046E18927B69D28001D3F0F = {
			isa = PBXGroup;
			children = (
				6046E19427B69D28001D3F0F /* CryptoList */,
				6046E1AB27B69D29001D3F0F /* CryptoListTests */,
				6046E19327B69D28001D3F0F /* Products */,
			);
			sourceTree = "<group>";
		};
		6046E19327B69D28001D3F0F /* Products */ = {
			isa = PBXGroup;
			children = (
				6046E19227B69D28001D3F0F /* CryptoList.app */,
				6046E1A827B69D29001D3F0F /* CryptoListTests.xctest */,
			);
			name = Products;
			sourceTree = "<group>";
		};
		6046E19427B69D28001D3F0F /* CryptoList */ = {
			isa = PBXGroup;
			children = (
				602DECFC27B7B70800AA0775 /* Helper */,
				6046E1D227B6C8F7001D3F0F /* Model */,
				6046E1CB27B6B2CE001D3F0F /* Services */,
				6046E1CA27B6AAE9001D3F0F /* Crypto */,
				6046E1C927B6AADC001D3F0F /* News */,
				6046E19527B69D28001D3F0F /* AppDelegate.swift */,
				6046E19727B69D28001D3F0F /* SceneDelegate.swift */,
				6046E19B27B69D28001D3F0F /* Main.storyboard */,
				6046E19E27B69D29001D3F0F /* Assets.xcassets */,
				6046E1A027B69D29001D3F0F /* LaunchScreen.storyboard */,
				6046E1A327B69D29001D3F0F /* Info.plist */,
			);
			path = CryptoList;
			sourceTree = "<group>";
		};
		6046E1AB27B69D29001D3F0F /* CryptoListTests */ = {
			isa = PBXGroup;
			children = (
				60B8548527B8D463008D0CE4 /* Helper */,
				60B8548127B8D1A5008D0CE4 /* LoadCryptoListFromRemoteUseCaseTests.swift */,
				60D9A0A827B8EC5A00C8B614 /* LoadNewsFromRemoteUseCaseTest.swift */,
			);
			path = CryptoListTests;
			sourceTree = "<group>";
		};
		6046E1C927B6AADC001D3F0F /* News */ = {
			isa = PBXGroup;
			children = (
				6046E1C727B6AAD7001D3F0F /* NewsViewController.swift */,
				609BBE3F27B745A30085290B /* NewsCell.swift */,
			);
			path = News;
			sourceTree = "<group>";
		};
		6046E1CA27B6AAE9001D3F0F /* Crypto */ = {
			isa = PBXGroup;
			children = (
				6046E1C527B6AABA001D3F0F /* CryptoListViewController.swift */,
				6046E1CE27B6C7B1001D3F0F /* CryptoCell.swift */,
			);
			path = Crypto;
			sourceTree = "<group>";
		};
		6046E1CB27B6B2CE001D3F0F /* Services */ = {
			isa = PBXGroup;
			children = (
				60B8548027B8CDE4008D0CE4 /* News */,
				60B8547F27B8CDD4008D0CE4 /* Crypto */,
				60B8547927B8AF28008D0CE4 /* HTTPClient.swift */,
			);
			path = Services;
			sourceTree = "<group>";
		};
		6046E1D227B6C8F7001D3F0F /* Model */ = {
			isa = PBXGroup;
			children = (
				6046E1D327B6C904001D3F0F /* Coin.swift */,
				609BBE3927B742AD0085290B /* News.swift */,
			);
			path = Model;
			sourceTree = "<group>";
		};
		60B8547F27B8CDD4008D0CE4 /* Crypto */ = {
			isa = PBXGroup;
			children = (
				60B8547B27B8B51F008D0CE4 /* CryptoMapper.swift */,
				60B8547D27B8CC57008D0CE4 /* CryptoEndpoint.swift */,
				6046E1CC27B6B2E2001D3F0F /* CryptoService.swift */,
			);
			path = Crypto;
			sourceTree = "<group>";
		};
		60B8548027B8CDE4008D0CE4 /* News */ = {
			isa = PBXGroup;
			children = (
				609BBE3B27B742EE0085290B /* NewsService.swift */,
				60D9A0A427B8E8DC00C8B614 /* NewsMapper.swift */,
				60D9A0A627B8EAA100C8B614 /* NewsEndpoint.swift */,
			);
			path = News;
			sourceTree = "<group>";
		};
		60B8548527B8D463008D0CE4 /* Helper */ = {
			isa = PBXGroup;
			children = (
				60B8548627B8D47A008D0CE4 /* HTTPClientSpy.swift */,
				60B8548827B8D4F3008D0CE4 /* XCTestCaseExtension.swift */,
			);
			path = Helper;
			sourceTree = "<group>";
		};
/* End PBXGroup section */

/* Begin PBXNativeTarget section */
		6046E19127B69D28001D3F0F /* CryptoList */ = {
			isa = PBXNativeTarget;
			buildConfigurationList = 6046E1BC27B69D29001D3F0F /* Build configuration list for PBXNativeTarget "CryptoList" */;
			buildPhases = (
				6046E18E27B69D28001D3F0F /* Sources */,
				6046E18F27B69D28001D3F0F /* Frameworks */,
				6046E19027B69D28001D3F0F /* Resources */,
			);
			buildRules = (
			);
			dependencies = (
			);
			name = CryptoList;
			productName = CryptoList;
			productReference = 6046E19227B69D28001D3F0F /* CryptoList.app */;
			productType = "com.apple.product-type.application";
		};
		6046E1A727B69D29001D3F0F /* CryptoListTests */ = {
			isa = PBXNativeTarget;
			buildConfigurationList = 6046E1BF27B69D29001D3F0F /* Build configuration list for PBXNativeTarget "CryptoListTests" */;
			buildPhases = (
				6046E1A427B69D29001D3F0F /* Sources */,
				6046E1A527B69D29001D3F0F /* Frameworks */,
				6046E1A627B69D29001D3F0F /* Resources */,
			);
			buildRules = (
			);
			dependencies = (
				6046E1AA27B69D29001D3F0F /* PBXTargetDependency */,
			);
			name = CryptoListTests;
			productName = CryptoListTests;
			productReference = 6046E1A827B69D29001D3F0F /* CryptoListTests.xctest */;
			productType = "com.apple.product-type.bundle.unit-test";
		};
/* End PBXNativeTarget section */

/* Begin PBXProject section */
		6046E18A27B69D28001D3F0F /* Project object */ = {
			isa = PBXProject;
			attributes = {
				BuildIndependentTargetsInParallel = 1;
				LastSwiftUpdateCheck = 1320;
				LastUpgradeCheck = 1320;
				TargetAttributes = {
					6046E19127B69D28001D3F0F = {
						CreatedOnToolsVersion = 13.2.1;
					};
					6046E1A727B69D29001D3F0F = {
						CreatedOnToolsVersion = 13.2.1;
						TestTargetID = 6046E19127B69D28001D3F0F;
					};
				};
			};
			buildConfigurationList = 6046E18D27B69D28001D3F0F /* Build configuration list for PBXProject "CryptoList" */;
			compatibilityVersion = "Xcode 13.0";
			developmentRegion = en;
			hasScannedForEncodings = 0;
			knownRegions = (
				en,
				Base,
			);
			mainGroup = 6046E18927B69D28001D3F0F;
			productRefGroup = 6046E19327B69D28001D3F0F /* Products */;
			projectDirPath = "";
			projectRoot = "";
			targets = (
				6046E19127B69D28001D3F0F /* CryptoList */,
				6046E1A727B69D29001D3F0F /* CryptoListTests */,
			);
		};
/* End PBXProject section */

/* Begin PBXResourcesBuildPhase section */
		6046E19027B69D28001D3F0F /* Resources */ = {
			isa = PBXResourcesBuildPhase;
			buildActionMask = 2147483647;
			files = (
				6046E1A227B69D29001D3F0F /* LaunchScreen.storyboard in Resources */,
				6046E19F27B69D29001D3F0F /* Assets.xcassets in Resources */,
				6046E19D27B69D28001D3F0F /* Main.storyboard in Resources */,
			);
			runOnlyForDeploymentPostprocessing = 0;
		};
		6046E1A627B69D29001D3F0F /* Resources */ = {
			isa = PBXResourcesBuildPhase;
			buildActionMask = 2147483647;
			files = (
			);
			runOnlyForDeploymentPostprocessing = 0;
		};
/* End PBXResourcesBuildPhase section */

/* Begin PBXSourcesBuildPhase section */
		6046E18E27B69D28001D3F0F /* Sources */ = {
			isa = PBXSourcesBuildPhase;
			buildActionMask = 2147483647;
			files = (
				6046E19627B69D28001D3F0F /* AppDelegate.swift in Sources */,
				60B8547E27B8CC57008D0CE4 /* CryptoEndpoint.swift in Sources */,
				60D9A0A527B8E8DC00C8B614 /* NewsMapper.swift in Sources */,
				6046E1C627B6AABA001D3F0F /* CryptoListViewController.swift in Sources */,
				6046E1CF27B6C7B1001D3F0F /* CryptoCell.swift in Sources */,
				609BBE3A27B742AD0085290B /* News.swift in Sources */,
				602DECFE27B7B71700AA0775 /* DictionaryExtension.swift in Sources */,
				609BBE3C27B742EE0085290B /* NewsService.swift in Sources */,
				6046E19827B69D28001D3F0F /* SceneDelegate.swift in Sources */,
				6046E1CD27B6B2E2001D3F0F /* CryptoService.swift in Sources */,
				60B8547C27B8B51F008D0CE4 /* CryptoMapper.swift in Sources */,
				60B8547A27B8AF28008D0CE4 /* HTTPClient.swift in Sources */,
				6046E1D427B6C904001D3F0F /* Coin.swift in Sources */,
				609BBE4027B745A30085290B /* NewsCell.swift in Sources */,
				60D9A0A727B8EAA100C8B614 /* NewsEndpoint.swift in Sources */,
				60B8547627B884F3008D0CE4 /* DoubleExtension.swift in Sources */,
				6046E1C827B6AAD7001D3F0F /* NewsViewController.swift in Sources */,
			);
			runOnlyForDeploymentPostprocessing = 0;
		};
		6046E1A427B69D29001D3F0F /* Sources */ = {
			isa = PBXSourcesBuildPhase;
			buildActionMask = 2147483647;
			files = (
				60D9A0A927B8EC5A00C8B614 /* LoadNewsFromRemoteUseCaseTest.swift in Sources */,
				60B8548227B8D1A5008D0CE4 /* LoadCryptoListFromRemoteUseCaseTests.swift in Sources */,
				60B8548927B8D4F3008D0CE4 /* XCTestCaseExtension.swift in Sources */,
				60B8548727B8D47A008D0CE4 /* HTTPClientSpy.swift in Sources */,
			);
			runOnlyForDeploymentPostprocessing = 0;
		};
/* End PBXSourcesBuildPhase section */

/* Begin PBXTargetDependency section */
		6046E1AA27B69D29001D3F0F /* PBXTargetDependency */ = {
			isa = PBXTargetDependency;
			target = 6046E19127B69D28001D3F0F /* CryptoList */;
			targetProxy = 6046E1A927B69D29001D3F0F /* PBXContainerItemProxy */;
		};
/* End PBXTargetDependency section */

/* Begin PBXVariantGroup section */
		6046E19B27B69D28001D3F0F /* Main.storyboard */ = {
			isa = PBXVariantGroup;
			children = (
				6046E19C27B69D28001D3F0F /* Base */,
			);
			name = Main.storyboard;
			sourceTree = "<group>";
		};
		6046E1A027B69D29001D3F0F /* LaunchScreen.storyboard */ = {
			isa = PBXVariantGroup;
			children = (
				6046E1A127B69D29001D3F0F /* Base */,
			);
			name = LaunchScreen.storyboard;
			sourceTree = "<group>";
		};
/* End PBXVariantGroup section */

/* Begin XCBuildConfiguration section */
		6046E1BA27B69D29001D3F0F /* Debug */ = {
			isa = XCBuildConfiguration;
			buildSettings = {
				ALWAYS_SEARCH_USER_PATHS = NO;
				CLANG_ANALYZER_NONNULL = YES;
				CLANG_ANALYZER_NUMBER_OBJECT_CONVERSION = YES_AGGRESSIVE;
				CLANG_CXX_LANGUAGE_STANDARD = "gnu++17";
				CLANG_CXX_LIBRARY = "libc++";
				CLANG_ENABLE_MODULES = YES;
				CLANG_ENABLE_OBJC_ARC = YES;
				CLANG_ENABLE_OBJC_WEAK = YES;
				CLANG_WARN_BLOCK_CAPTURE_AUTORELEASING = YES;
				CLANG_WARN_BOOL_CONVERSION = YES;
				CLANG_WARN_COMMA = YES;
				CLANG_WARN_CONSTANT_CONVERSION = YES;
				CLANG_WARN_DEPRECATED_OBJC_IMPLEMENTATIONS = YES;
				CLANG_WARN_DIRECT_OBJC_ISA_USAGE = YES_ERROR;
				CLANG_WARN_DOCUMENTATION_COMMENTS = YES;
				CLANG_WARN_EMPTY_BODY = YES;
				CLANG_WARN_ENUM_CONVERSION = YES;
				CLANG_WARN_INFINITE_RECURSION = YES;
				CLANG_WARN_INT_CONVERSION = YES;
				CLANG_WARN_NON_LITERAL_NULL_CONVERSION = YES;
				CLANG_WARN_OBJC_IMPLICIT_RETAIN_SELF = YES;
				CLANG_WARN_OBJC_LITERAL_CONVERSION = YES;
				CLANG_WARN_OBJC_ROOT_CLASS = YES_ERROR;
				CLANG_WARN_QUOTED_INCLUDE_IN_FRAMEWORK_HEADER = YES;
				CLANG_WARN_RANGE_LOOP_ANALYSIS = YES;
				CLANG_WARN_STRICT_PROTOTYPES = YES;
				CLANG_WARN_SUSPICIOUS_MOVE = YES;
				CLANG_WARN_UNGUARDED_AVAILABILITY = YES_AGGRESSIVE;
				CLANG_WARN_UNREACHABLE_CODE = YES;
				CLANG_WARN__DUPLICATE_METHOD_MATCH = YES;
				COPY_PHASE_STRIP = NO;
				DEBUG_INFORMATION_FORMAT = dwarf;
				ENABLE_STRICT_OBJC_MSGSEND = YES;
				ENABLE_TESTABILITY = YES;
				GCC_C_LANGUAGE_STANDARD = gnu11;
				GCC_DYNAMIC_NO_PIC = NO;
				GCC_NO_COMMON_BLOCKS = YES;
				GCC_OPTIMIZATION_LEVEL = 0;
				GCC_PREPROCESSOR_DEFINITIONS = (
					"DEBUG=1",
					"$(inherited)",
				);
				GCC_WARN_64_TO_32_BIT_CONVERSION = YES;
				GCC_WARN_ABOUT_RETURN_TYPE = YES_ERROR;
				GCC_WARN_UNDECLARED_SELECTOR = YES;
				GCC_WARN_UNINITIALIZED_AUTOS = YES_AGGRESSIVE;
				GCC_WARN_UNUSED_FUNCTION = YES;
				GCC_WARN_UNUSED_VARIABLE = YES;
				IPHONEOS_DEPLOYMENT_TARGET = 15.2;
				MTL_ENABLE_DEBUG_INFO = INCLUDE_SOURCE;
				MTL_FAST_MATH = YES;
				ONLY_ACTIVE_ARCH = YES;
				SDKROOT = iphoneos;
				SWIFT_ACTIVE_COMPILATION_CONDITIONS = DEBUG;
				SWIFT_OPTIMIZATION_LEVEL = "-Onone";
			};
			name = Debug;
		};
		6046E1BB27B69D29001D3F0F /* Release */ = {
			isa = XCBuildConfiguration;
			buildSettings = {
				ALWAYS_SEARCH_USER_PATHS = NO;
				CLANG_ANALYZER_NONNULL = YES;
				CLANG_ANALYZER_NUMBER_OBJECT_CONVERSION = YES_AGGRESSIVE;
				CLANG_CXX_LANGUAGE_STANDARD = "gnu++17";
				CLANG_CXX_LIBRARY = "libc++";
				CLANG_ENABLE_MODULES = YES;
				CLANG_ENABLE_OBJC_ARC = YES;
				CLANG_ENABLE_OBJC_WEAK = YES;
				CLANG_WARN_BLOCK_CAPTURE_AUTORELEASING = YES;
				CLANG_WARN_BOOL_CONVERSION = YES;
				CLANG_WARN_COMMA = YES;
				CLANG_WARN_CONSTANT_CONVERSION = YES;
				CLANG_WARN_DEPRECATED_OBJC_IMPLEMENTATIONS = YES;
				CLANG_WARN_DIRECT_OBJC_ISA_USAGE = YES_ERROR;
				CLANG_WARN_DOCUMENTATION_COMMENTS = YES;
				CLANG_WARN_EMPTY_BODY = YES;
				CLANG_WARN_ENUM_CONVERSION = YES;
				CLANG_WARN_INFINITE_RECURSION = YES;
				CLANG_WARN_INT_CONVERSION = YES;
				CLANG_WARN_NON_LITERAL_NULL_CONVERSION = YES;
				CLANG_WARN_OBJC_IMPLICIT_RETAIN_SELF = YES;
				CLANG_WARN_OBJC_LITERAL_CONVERSION = YES;
				CLANG_WARN_OBJC_ROOT_CLASS = YES_ERROR;
				CLANG_WARN_QUOTED_INCLUDE_IN_FRAMEWORK_HEADER = YES;
				CLANG_WARN_RANGE_LOOP_ANALYSIS = YES;
				CLANG_WARN_STRICT_PROTOTYPES = YES;
				CLANG_WARN_SUSPICIOUS_MOVE = YES;
				CLANG_WARN_UNGUARDED_AVAILABILITY = YES_AGGRESSIVE;
				CLANG_WARN_UNREACHABLE_CODE = YES;
				CLANG_WARN__DUPLICATE_METHOD_MATCH = YES;
				COPY_PHASE_STRIP = NO;
				DEBUG_INFORMATION_FORMAT = "dwarf-with-dsym";
				ENABLE_NS_ASSERTIONS = NO;
				ENABLE_STRICT_OBJC_MSGSEND = YES;
				GCC_C_LANGUAGE_STANDARD = gnu11;
				GCC_NO_COMMON_BLOCKS = YES;
				GCC_WARN_64_TO_32_BIT_CONVERSION = YES;
				GCC_WARN_ABOUT_RETURN_TYPE = YES_ERROR;
				GCC_WARN_UNDECLARED_SELECTOR = YES;
				GCC_WARN_UNINITIALIZED_AUTOS = YES_AGGRESSIVE;
				GCC_WARN_UNUSED_FUNCTION = YES;
				GCC_WARN_UNUSED_VARIABLE = YES;
				IPHONEOS_DEPLOYMENT_TARGET = 15.2;
				MTL_ENABLE_DEBUG_INFO = NO;
				MTL_FAST_MATH = YES;
				SDKROOT = iphoneos;
				SWIFT_COMPILATION_MODE = wholemodule;
				SWIFT_OPTIMIZATION_LEVEL = "-O";
				VALIDATE_PRODUCT = YES;
			};
			name = Release;
		};
		6046E1BD27B69D29001D3F0F /* Debug */ = {
			isa = XCBuildConfiguration;
			buildSettings = {
				ASSETCATALOG_COMPILER_APPICON_NAME = AppIcon;
				ASSETCATALOG_COMPILER_GLOBAL_ACCENT_COLOR_NAME = AccentColor;
				CODE_SIGN_STYLE = Automatic;
				CURRENT_PROJECT_VERSION = 1;
				GENERATE_INFOPLIST_FILE = YES;
				INFOPLIST_FILE = CryptoList/Info.plist;
				INFOPLIST_KEY_UIApplicationSupportsIndirectInputEvents = YES;
				INFOPLIST_KEY_UILaunchStoryboardName = LaunchScreen;
				INFOPLIST_KEY_UISupportedInterfaceOrientations_iPad = "UIInterfaceOrientationPortrait UIInterfaceOrientationPortraitUpsideDown UIInterfaceOrientationLandscapeLeft UIInterfaceOrientationLandscapeRight";
				INFOPLIST_KEY_UISupportedInterfaceOrientations_iPhone = "UIInterfaceOrientationPortrait UIInterfaceOrientationLandscapeLeft UIInterfaceOrientationLandscapeRight";
				LD_RUNPATH_SEARCH_PATHS = (
					"$(inherited)",
					"@executable_path/Frameworks",
				);
				MARKETING_VERSION = 1.0;
				PRODUCT_BUNDLE_IDENTIFIER = id.ihwan.CryptoList;
				PRODUCT_NAME = "$(TARGET_NAME)";
				SWIFT_EMIT_LOC_STRINGS = YES;
				SWIFT_VERSION = 5.0;
				TARGETED_DEVICE_FAMILY = "1,2";
			};
			name = Debug;
		};
		6046E1BE27B69D29001D3F0F /* Release */ = {
			isa = XCBuildConfiguration;
			buildSettings = {
				ASSETCATALOG_COMPILER_APPICON_NAME = AppIcon;
				ASSETCATALOG_COMPILER_GLOBAL_ACCENT_COLOR_NAME = AccentColor;
				CODE_SIGN_STYLE = Automatic;
				CURRENT_PROJECT_VERSION = 1;
				GENERATE_INFOPLIST_FILE = YES;
				INFOPLIST_FILE = CryptoList/Info.plist;
				INFOPLIST_KEY_UIApplicationSupportsIndirectInputEvents = YES;
				INFOPLIST_KEY_UILaunchStoryboardName = LaunchScreen;
				INFOPLIST_KEY_UISupportedInterfaceOrientations_iPad = "UIInterfaceOrientationPortrait UIInterfaceOrientationPortraitUpsideDown UIInterfaceOrientationLandscapeLeft UIInterfaceOrientationLandscapeRight";
				INFOPLIST_KEY_UISupportedInterfaceOrientations_iPhone = "UIInterfaceOrientationPortrait UIInterfaceOrientationLandscapeLeft UIInterfaceOrientationLandscapeRight";
				LD_RUNPATH_SEARCH_PATHS = (
					"$(inherited)",
					"@executable_path/Frameworks",
				);
				MARKETING_VERSION = 1.0;
				PRODUCT_BUNDLE_IDENTIFIER = id.ihwan.CryptoList;
				PRODUCT_NAME = "$(TARGET_NAME)";
				SWIFT_EMIT_LOC_STRINGS = YES;
				SWIFT_VERSION = 5.0;
				TARGETED_DEVICE_FAMILY = "1,2";
			};
			name = Release;
		};
		6046E1C027B69D29001D3F0F /* Debug */ = {
			isa = XCBuildConfiguration;
			buildSettings = {
				ALWAYS_EMBED_SWIFT_STANDARD_LIBRARIES = YES;
				BUNDLE_LOADER = "$(TEST_HOST)";
				CODE_SIGN_STYLE = Automatic;
				CURRENT_PROJECT_VERSION = 1;
				GENERATE_INFOPLIST_FILE = YES;
				IPHONEOS_DEPLOYMENT_TARGET = 15.2;
				MARKETING_VERSION = 1.0;
				PRODUCT_BUNDLE_IDENTIFIER = id.ihwan.CryptoListTests;
				PRODUCT_NAME = "$(TARGET_NAME)";
				SWIFT_EMIT_LOC_STRINGS = NO;
				SWIFT_VERSION = 5.0;
				TARGETED_DEVICE_FAMILY = "1,2";
				TEST_HOST = "$(BUILT_PRODUCTS_DIR)/CryptoList.app/CryptoList";
			};
			name = Debug;
		};
		6046E1C127B69D29001D3F0F /* Release */ = {
			isa = XCBuildConfiguration;
			buildSettings = {
				ALWAYS_EMBED_SWIFT_STANDARD_LIBRARIES = YES;
				BUNDLE_LOADER = "$(TEST_HOST)";
				CODE_SIGN_STYLE = Automatic;
				CURRENT_PROJECT_VERSION = 1;
				GENERATE_INFOPLIST_FILE = YES;
				IPHONEOS_DEPLOYMENT_TARGET = 15.2;
				MARKETING_VERSION = 1.0;
				PRODUCT_BUNDLE_IDENTIFIER = id.ihwan.CryptoListTests;
				PRODUCT_NAME = "$(TARGET_NAME)";
				SWIFT_EMIT_LOC_STRINGS = NO;
				SWIFT_VERSION = 5.0;
				TARGETED_DEVICE_FAMILY = "1,2";
				TEST_HOST = "$(BUILT_PRODUCTS_DIR)/CryptoList.app/CryptoList";
			};
			name = Release;
		};
/* End XCBuildConfiguration section */

/* Begin XCConfigurationList section */
		6046E18D27B69D28001D3F0F /* Build configuration list for PBXProject "CryptoList" */ = {
			isa = XCConfigurationList;
			buildConfigurations = (
				6046E1BA27B69D29001D3F0F /* Debug */,
				6046E1BB27B69D29001D3F0F /* Release */,
			);
			defaultConfigurationIsVisible = 0;
			defaultConfigurationName = Release;
		};
		6046E1BC27B69D29001D3F0F /* Build configuration list for PBXNativeTarget "CryptoList" */ = {
			isa = XCConfigurationList;
			buildConfigurations = (
				6046E1BD27B69D29001D3F0F /* Debug */,
				6046E1BE27B69D29001D3F0F /* Release */,
			);
			defaultConfigurationIsVisible = 0;
			defaultConfigurationName = Release;
		};
		6046E1BF27B69D29001D3F0F /* Build configuration list for PBXNativeTarget "CryptoListTests" */ = {
			isa = XCConfigurationList;
			buildConfigurations = (
				6046E1C027B69D29001D3F0F /* Debug */,
				6046E1C127B69D29001D3F0F /* Release */,
			);
			defaultConfigurationIsVisible = 0;
			defaultConfigurationName = Release;
		};
/* End XCConfigurationList section */
	};
	rootObject = 6046E18A27B69D28001D3F0F /* Project object */;
}
